
Microsoft Visual Studio Solution File, Format Version 12.00
# Visual Studio Version 17
VisualStudioVersion = 17.14.36414.22
MinimumVisualStudioVersion = 10.0.40219.1
Project("{FAE04EC0-301F-11D3-BF4B-00C04F79EFBC}") = "polnuyaPetch", "polnuyaPetch\polnuyaPetch.csproj", "{1383737E-1E41-40AC-AC28-1629D33E213B}"
EndProject
Project("{FAE04EC0-301F-11D3-BF4B-00C04F79EFBC}") = "polnuyaPetch.Tests", "polnuyaPetch.Tests\polnuyaPetch.Tests.csproj", "{46D73FB5-DD67-4E29-8464-63DA775D7C63}"
EndProject
Global
	GlobalSection(SolutionConfigurationPlatforms) = preSolution
		Debug|Any CPU = Debug|Any CPU
		Release|Any CPU = Release|Any CPU
	EndGlobalSection
	GlobalSection(ProjectConfigurationPlatforms) = postSolution
		{1383737E-1E41-40AC-AC28-1629D33E213B}.Debug|Any CPU.ActiveCfg = Debug|Any CPU
		{1383737E-1E41-40AC-AC28-1629D33E213B}.Debug|Any CPU.Build.0 = Debug|Any CPU
		{1383737E-1E41-40AC-AC28-1629D33E213B}.Release|Any CPU.ActiveCfg = Release|Any CPU
		{1383737E-1E41-40AC-AC28-1629D33E213B}.Release|Any CPU.Build.0 = Release|Any CPU
		{46D73FB5-DD67-4E29-8464-63DA775D7C63}.Debug|Any CPU.ActiveCfg = Debug|Any CPU
		{46D73FB5-DD67-4E29-8464-63DA775D7C63}.Debug|Any CPU.Build.0 = Debug|Any CPU
		{46D73FB5-DD67-4E29-8464-63DA775D7C63}.Release|Any CPU.ActiveCfg = Release|Any CPU
		{46D73FB5-DD67-4E29-8464-63DA775D7C63}.Release|Any CPU.Build.0 = Release|Any CPU
	EndGlobalSection
	GlobalSection(SolutionProperties) = preSolution
		HideSolutionNode = FALSE
	EndGlobalSection
	GlobalSection(ExtensibilityGlobals) = postSolution
		SolutionGuid = {B5950DD5-BC75-4223-B08F-982707406771}
	EndGlobalSection
EndGlobal
